
Microsoft Visual Studio Solution File, Format Version 12.00
# Visual Studio 15
VisualStudioVersion = 15.0.27703.2026
MinimumVisualStudioVersion = 10.0.40219.1
Project("{FAE04EC0-301F-11D3-BF4B-00C04F79EFBC}") = "CatchingExceptions", "CatchingExceptions\CatchingExceptions.csproj", "{CFE3A9E3-346D-4167-AF35-26C2E3C7C335}"
EndProject
Global
	GlobalSection(SolutionConfigurationPlatforms) = preSolution
		Debug|Any CPU = Debug|Any CPU
		Release|Any CPU = Release|Any CPU
	EndGlobalSection
	GlobalSection(ProjectConfigurationPlatforms) = postSolution
		{CFE3A9E3-346D-4167-AF35-26C2E3C7C335}.Debug|Any CPU.ActiveCfg = Debug|Any CPU
		{CFE3A9E3-346D-4167-AF35-26C2E3C7C335}.Debug|Any CPU.Build.0 = Debug|Any CPU
		{CFE3A9E3-346D-4167-AF35-26C2E3C7C335}.Release|Any CPU.ActiveCfg = Release|Any CPU
		{CFE3A9E3-346D-4167-AF35-26C2E3C7C335}.Release|Any CPU.Build.0 = Release|Any CPU
	EndGlobalSection
	GlobalSection(SolutionProperties) = preSolution
		HideSolutionNode = FALSE
	EndGlobalSection
	GlobalSection(ExtensibilityGlobals) = postSolution
		SolutionGuid = {80FDCD05-F32A-4C53-BA09-FE7D56841FE4}
	EndGlobalSection
EndGlobal
