
Microsoft Visual Studio Solution File, Format Version 12.00
# Visual Studio 15
VisualStudioVersion = 15.0.27703.2026
MinimumVisualStudioVersion = 10.0.40219.1
Project("{FAE04EC0-301F-11D3-BF4B-00C04F79EFBC}") = "UsefulMethod", "UsefulMethod\UsefulMethod.csproj", "{BEBFE8A0-DE2F-40FE-9320-9D5C0BA77913}"
EndProject
Global
	GlobalSection(SolutionConfigurationPlatforms) = preSolution
		Debug|Any CPU = Debug|Any CPU
		Release|Any CPU = Release|Any CPU
	EndGlobalSection
	GlobalSection(ProjectConfigurationPlatforms) = postSolution
		{BEBFE8A0-DE2F-40FE-9320-9D5C0BA77913}.Debug|Any CPU.ActiveCfg = Debug|Any CPU
		{BEBFE8A0-DE2F-40FE-9320-9D5C0BA77913}.Debug|Any CPU.Build.0 = Debug|Any CPU
		{BEBFE8A0-DE2F-40FE-9320-9D5C0BA77913}.Release|Any CPU.ActiveCfg = Release|Any CPU
		{BEBFE8A0-DE2F-40FE-9320-9D5C0BA77913}.Release|Any CPU.Build.0 = Release|Any CPU
	EndGlobalSection
	GlobalSection(SolutionProperties) = preSolution
		HideSolutionNode = FALSE
	EndGlobalSection
	GlobalSection(ExtensibilityGlobals) = postSolution
		SolutionGuid = {FA1A252E-0958-4C0E-8B69-5EC3519E7846}
	EndGlobalSection
EndGlobal
