
Microsoft Visual Studio Solution File, Format Version 12.00
# Visual Studio 15
VisualStudioVersion = 15.0.27703.2026
MinimumVisualStudioVersion = 10.0.40219.1
Project("{FAE04EC0-301F-11D3-BF4B-00C04F79EFBC}") = "MemberVariables", "MemberVariables\MemberVariables.csproj", "{BC11AE79-0908-4347-B799-C8A4E524ACF3}"
EndProject
Global
	GlobalSection(SolutionConfigurationPlatforms) = preSolution
		Debug|Any CPU = Debug|Any CPU
		Release|Any CPU = Release|Any CPU
	EndGlobalSection
	GlobalSection(ProjectConfigurationPlatforms) = postSolution
		{BC11AE79-0908-4347-B799-C8A4E524ACF3}.Debug|Any CPU.ActiveCfg = Debug|Any CPU
		{BC11AE79-0908-4347-B799-C8A4E524ACF3}.Debug|Any CPU.Build.0 = Debug|Any CPU
		{BC11AE79-0908-4347-B799-C8A4E524ACF3}.Release|Any CPU.ActiveCfg = Release|Any CPU
		{BC11AE79-0908-4347-B799-C8A4E524ACF3}.Release|Any CPU.Build.0 = Release|Any CPU
	EndGlobalSection
	GlobalSection(SolutionProperties) = preSolution
		HideSolutionNode = FALSE
	EndGlobalSection
	GlobalSection(ExtensibilityGlobals) = postSolution
		SolutionGuid = {B0CA247D-283D-4A27-A313-CCB148406146}
	EndGlobalSection
EndGlobal
