
Microsoft Visual Studio Solution File, Format Version 12.00
# Visual Studio 15
VisualStudioVersion = 15.0.27703.2026
MinimumVisualStudioVersion = 10.0.40219.1
Project("{FAE04EC0-301F-11D3-BF4B-00C04F79EFBC}") = "LocalVarible", "LocalVarible\LocalVarible.csproj", "{7C387533-64FC-4996-8556-9FB1440F5A02}"
EndProject
Global
	GlobalSection(SolutionConfigurationPlatforms) = preSolution
		Debug|Any CPU = Debug|Any CPU
		Release|Any CPU = Release|Any CPU
	EndGlobalSection
	GlobalSection(ProjectConfigurationPlatforms) = postSolution
		{7C387533-64FC-4996-8556-9FB1440F5A02}.Debug|Any CPU.ActiveCfg = Debug|Any CPU
		{7C387533-64FC-4996-8556-9FB1440F5A02}.Debug|Any CPU.Build.0 = Debug|Any CPU
		{7C387533-64FC-4996-8556-9FB1440F5A02}.Release|Any CPU.ActiveCfg = Release|Any CPU
		{7C387533-64FC-4996-8556-9FB1440F5A02}.Release|Any CPU.Build.0 = Release|Any CPU
	EndGlobalSection
	GlobalSection(SolutionProperties) = preSolution
		HideSolutionNode = FALSE
	EndGlobalSection
	GlobalSection(ExtensibilityGlobals) = postSolution
		SolutionGuid = {21323225-942E-4661-9DF9-84730AB1FE26}
	EndGlobalSection
EndGlobal
