
Microsoft Visual Studio Solution File, Format Version 12.00
# Visual Studio 15
VisualStudioVersion = 15.0.27703.2026
MinimumVisualStudioVersion = 10.0.40219.1
Project("{FAE04EC0-301F-11D3-BF4B-00C04F79EFBC}") = "MethodsOptionalArguments", "MethodsOptionalArguments\MethodsOptionalArguments.csproj", "{9487724C-485D-4F3E-B78E-76AD023AEA3C}"
EndProject
Global
	GlobalSection(SolutionConfigurationPlatforms) = preSolution
		Debug|Any CPU = Debug|Any CPU
		Release|Any CPU = Release|Any CPU
	EndGlobalSection
	GlobalSection(ProjectConfigurationPlatforms) = postSolution
		{9487724C-485D-4F3E-B78E-76AD023AEA3C}.Debug|Any CPU.ActiveCfg = Debug|Any CPU
		{9487724C-485D-4F3E-B78E-76AD023AEA3C}.Debug|Any CPU.Build.0 = Debug|Any CPU
		{9487724C-485D-4F3E-B78E-76AD023AEA3C}.Release|Any CPU.ActiveCfg = Release|Any CPU
		{9487724C-485D-4F3E-B78E-76AD023AEA3C}.Release|Any CPU.Build.0 = Release|Any CPU
	EndGlobalSection
	GlobalSection(SolutionProperties) = preSolution
		HideSolutionNode = FALSE
	EndGlobalSection
	GlobalSection(ExtensibilityGlobals) = postSolution
		SolutionGuid = {B7EF047F-2540-4CC7-AABC-2D57EADE4D87}
	EndGlobalSection
EndGlobal
