
Microsoft Visual Studio Solution File, Format Version 12.00
# Visual Studio 15
VisualStudioVersion = 15.0.27703.2026
MinimumVisualStudioVersion = 10.0.40219.1
Project("{FAE04EC0-301F-11D3-BF4B-00C04F79EFBC}") = "MethodLibraries", "MethodLibraries\MethodLibraries.csproj", "{8092082F-BA03-49D6-ADFC-D3C8F9CEC33C}"
EndProject
Global
	GlobalSection(SolutionConfigurationPlatforms) = preSolution
		Debug|Any CPU = Debug|Any CPU
		Release|Any CPU = Release|Any CPU
	EndGlobalSection
	GlobalSection(ProjectConfigurationPlatforms) = postSolution
		{8092082F-BA03-49D6-ADFC-D3C8F9CEC33C}.Debug|Any CPU.ActiveCfg = Debug|Any CPU
		{8092082F-BA03-49D6-ADFC-D3C8F9CEC33C}.Debug|Any CPU.Build.0 = Debug|Any CPU
		{8092082F-BA03-49D6-ADFC-D3C8F9CEC33C}.Release|Any CPU.ActiveCfg = Release|Any CPU
		{8092082F-BA03-49D6-ADFC-D3C8F9CEC33C}.Release|Any CPU.Build.0 = Release|Any CPU
	EndGlobalSection
	GlobalSection(SolutionProperties) = preSolution
		HideSolutionNode = FALSE
	EndGlobalSection
	GlobalSection(ExtensibilityGlobals) = postSolution
		SolutionGuid = {45D5E742-2B82-46D2-B361-9B13C084EEAF}
	EndGlobalSection
EndGlobal
