
Microsoft Visual Studio Solution File, Format Version 12.00
# Visual Studio 15
VisualStudioVersion = 15.0.27703.2018
MinimumVisualStudioVersion = 10.0.40219.1
Project("{FAE04EC0-301F-11D3-BF4B-00C04F79EFBC}") = "GlazerCalc", "GlazerCalc\GlazerCalc.csproj", "{F90439B1-336E-4D10-80FF-29C84A1EE79D}"
EndProject
Global
	GlobalSection(SolutionConfigurationPlatforms) = preSolution
		Debug|Any CPU = Debug|Any CPU
		Release|Any CPU = Release|Any CPU
	EndGlobalSection
	GlobalSection(ProjectConfigurationPlatforms) = postSolution
		{F90439B1-336E-4D10-80FF-29C84A1EE79D}.Debug|Any CPU.ActiveCfg = Debug|Any CPU
		{F90439B1-336E-4D10-80FF-29C84A1EE79D}.Debug|Any CPU.Build.0 = Debug|Any CPU
		{F90439B1-336E-4D10-80FF-29C84A1EE79D}.Release|Any CPU.ActiveCfg = Release|Any CPU
		{F90439B1-336E-4D10-80FF-29C84A1EE79D}.Release|Any CPU.Build.0 = Release|Any CPU
	EndGlobalSection
	GlobalSection(SolutionProperties) = preSolution
		HideSolutionNode = FALSE
	EndGlobalSection
	GlobalSection(ExtensibilityGlobals) = postSolution
		SolutionGuid = {83E2C75B-20AA-4ED8-B1A4-35401CDD868F}
	EndGlobalSection
EndGlobal
